# Written by meadow. Commit this file: it is what makes a build on
# another machine the build you tested. Change it with `meadow update`.

version = 1

[[package]]
name = "Diff"
source = "git+https://github.com/mcdearman/Diff?version=0.2.0"
version = "0.2.0"
rev = "228e08ffdf916e9de5a5791a64681db4c392b678"
tree = "50b8597b7d925c476c854fe50978093d73e85e6e"

[[package]]
name = "UnicodeSegmentation"
source = "git+https://github.com/mcdearman/MeadowUnicodeSegmentation?version=0.2.0"
version = "0.2.0"
rev = "8d4055797df0928c16c55eac1c0b66f080b29f01"
tree = "6768f691b32e4154a397832b892e18596ab4687c"
