# Written by meadow. Commit this file: it is what makes a build on
# another machine the build you tested. Change it with `meadow update`.

version = 1

[[package]]
name = "diff"
source = "git+https://github.com/mcdearman/meadow-diff"
rev = "f30ed4b1a5c0e4c0ae0d6ca32e8dff65859a669a"
tree = "0efee6e3b5aec4bc65981ab37c49f8686a9dfdc4"

[[package]]
name = "unicodeSegmentation"
source = "git+https://github.com/mcdearman/meadow-unicode-segmentation"
rev = "848d1f524b6fa9db311785f88281e39c219b5fd6"
tree = "f52a0267c7401a9a96772af58895c09cdd21bb9e"
